
Microsoft Visual Studio Solution File, Format Version 12.00
# Visual Studio Version 17
VisualStudioVersion = 17.0.32126.317
MinimumVisualStudioVersion = 10.0.40219.1
Project("{FAE04EC0-301F-11D3-BF4B-00C04F79EFBC}") = "practice5", "practice5.csproj", "{130DAD4F-EED0-4DBD-A1C0-13AD3F4A92EC}"
EndProject
Global
	GlobalSection(SolutionConfigurationPlatforms) = preSolution
		Debug|Any CPU = Debug|Any CPU
		Release|Any CPU = Release|Any CPU
	EndGlobalSection
	GlobalSection(ProjectConfigurationPlatforms) = postSolution
		{130DAD4F-EED0-4DBD-A1C0-13AD3F4A92EC}.Debug|Any CPU.ActiveCfg = Debug|Any CPU
		{130DAD4F-EED0-4DBD-A1C0-13AD3F4A92EC}.Debug|Any CPU.Build.0 = Debug|Any CPU
		{130DAD4F-EED0-4DBD-A1C0-13AD3F4A92EC}.Release|Any CPU.ActiveCfg = Release|Any CPU
		{130DAD4F-EED0-4DBD-A1C0-13AD3F4A92EC}.Release|Any CPU.Build.0 = Release|Any CPU
	EndGlobalSection
	GlobalSection(SolutionProperties) = preSolution
		HideSolutionNode = FALSE
	EndGlobalSection
	GlobalSection(ExtensibilityGlobals) = postSolution
		SolutionGuid = {FE3524AA-AFED-48FA-9D60-6F746BA79041}
	EndGlobalSection
EndGlobal
